// !$*UTF8*$!
{
	archiveVersion = 1;
	classes = {
	};
	objectVersion = 56;
	objects = {

/* Begin PBXBuildFile section */
		DE3F32C529D2BC6100373378 /* Button.swift in Sources */ = {isa = PBXBuildFile; fileRef = DE3F32C429D2BC6100373378 /* Button.swift */; };
		DE3F32C829D2C18B00373378 /* SetColor+UIButton.swift in Sources */ = {isa = PBXBuildFile; fileRef = DE3F32C729D2C18B00373378 /* SetColor+UIButton.swift */; };
		DE8CFB9729D2AFEF00C83DAB /* AppDelegate.swift in Sources */ = {isa = PBXBuildFile; fileRef = DE8CFB9629D2AFEF00C83DAB /* AppDelegate.swift */; };
		DE8CFB9929D2AFEF00C83DAB /* SceneDelegate.swift in Sources */ = {isa = PBXBuildFile; fileRef = DE8CFB9829D2AFEF00C83DAB /* SceneDelegate.swift */; };
		DE8CFB9B29D2AFEF00C83DAB /* ViewController.swift in Sources */ = {isa = PBXBuildFile; fileRef = DE8CFB9A29D2AFEF00C83DAB /* ViewController.swift */; };
		DE8CFB9E29D2AFEF00C83DAB /* Main.storyboard in Resources */ = {isa = PBXBuildFile; fileRef = DE8CFB9C29D2AFEF00C83DAB /* Main.storyboard */; };
		DE8CFBA029D2AFF000C83DAB /* Assets.xcassets in Resources */ = {isa = PBXBuildFile; fileRef = DE8CFB9F29D2AFF000C83DAB /* Assets.xcassets */; };
		DE8CFBA329D2AFF000C83DAB /* LaunchScreen.storyboard in Resources */ = {isa = PBXBuildFile; fileRef = DE8CFBA129D2AFF000C83DAB /* LaunchScreen.storyboard */; };
		DE8CFBAD29D2B22100C83DAB /* Color.swift in Sources */ = {isa = PBXBuildFile; fileRef = DE8CFBAC29D2B22100C83DAB /* Color.swift */; };
		DE8CFBB129D2B3FF00C83DAB /* Pretendard-Bold.otf in Resources */ = {isa = PBXBuildFile; fileRef = DE8CFBAF29D2B3FF00C83DAB /* Pretendard-Bold.otf */; };
		DE8CFBB229D2B3FF00C83DAB /* Pretendard-Medium.otf in Resources */ = {isa = PBXBuildFile; fileRef = DE8CFBB029D2B3FF00C83DAB /* Pretendard-Medium.otf */; };
		DE8CFBB429D2B4A800C83DAB /* Font.swift in Sources */ = {isa = PBXBuildFile; fileRef = DE8CFBB329D2B4A800C83DAB /* Font.swift */; };
/* End PBXBuildFile section */

/* Begin PBXFileReference section */
		DE3F32C429D2BC6100373378 /* Button.swift */ = {isa = PBXFileReference; lastKnownFileType = sourcecode.swift; path = Button.swift; sourceTree = "<group>"; };
		DE3F32C729D2C18B00373378 /* SetColor+UIButton.swift */ = {isa = PBXFileReference; lastKnownFileType = sourcecode.swift; name = "SetColor+UIButton.swift"; path = "BOATMATE/Utility/SetColor+UIButton.swift"; sourceTree = SOURCE_ROOT; };
		DE8CFB9329D2AFEF00C83DAB /* BOATMATE.app */ = {isa = PBXFileReference; explicitFileType = wrapper.application; includeInIndex = 0; path = BOATMATE.app; sourceTree = BUILT_PRODUCTS_DIR; };
		DE8CFB9629D2AFEF00C83DAB /* AppDelegate.swift */ = {isa = PBXFileReference; lastKnownFileType = sourcecode.swift; path = AppDelegate.swift; sourceTree = "<group>"; };
		DE8CFB9829D2AFEF00C83DAB /* SceneDelegate.swift */ = {isa = PBXFileReference; lastKnownFileType = sourcecode.swift; path = SceneDelegate.swift; sourceTree = "<group>"; };
		DE8CFB9A29D2AFEF00C83DAB /* ViewController.swift */ = {isa = PBXFileReference; lastKnownFileType = sourcecode.swift; path = ViewController.swift; sourceTree = "<group>"; };
		DE8CFB9D29D2AFEF00C83DAB /* Base */ = {isa = PBXFileReference; lastKnownFileType = file.storyboard; name = Base; path = Base.lproj/Main.storyboard; sourceTree = "<group>"; };
		DE8CFB9F29D2AFF000C83DAB /* Assets.xcassets */ = {isa = PBXFileReference; lastKnownFileType = folder.assetcatalog; path = Assets.xcassets; sourceTree = "<group>"; };
		DE8CFBA229D2AFF000C83DAB /* Base */ = {isa = PBXFileReference; lastKnownFileType = file.storyboard; name = Base; path = Base.lproj/LaunchScreen.storyboard; sourceTree = "<group>"; };
		DE8CFBA429D2AFF000C83DAB /* Info.plist */ = {isa = PBXFileReference; lastKnownFileType = text.plist.xml; path = Info.plist; sourceTree = "<group>"; };
		DE8CFBAC29D2B22100C83DAB /* Color.swift */ = {isa = PBXFileReference; lastKnownFileType = sourcecode.swift; path = Color.swift; sourceTree = "<group>"; };
		DE8CFBAF29D2B3FF00C83DAB /* Pretendard-Bold.otf */ = {isa = PBXFileReference; lastKnownFileType = file; path = "Pretendard-Bold.otf"; sourceTree = "<group>"; };
		DE8CFBB029D2B3FF00C83DAB /* Pretendard-Medium.otf */ = {isa = PBXFileReference; lastKnownFileType = file; path = "Pretendard-Medium.otf"; sourceTree = "<group>"; };
		DE8CFBB329D2B4A800C83DAB /* Font.swift */ = {isa = PBXFileReference; lastKnownFileType = sourcecode.swift; path = Font.swift; sourceTree = "<group>"; };
/* End PBXFileReference section */

/* Begin PBXFrameworksBuildPhase section */
		DE8CFB9029D2AFEF00C83DAB /* Frameworks */ = {
			isa = PBXFrameworksBuildPhase;
			buildActionMask = 2147483647;
			files = (
			);
			runOnlyForDeploymentPostprocessing = 0;
		};
/* End PBXFrameworksBuildPhase section */

/* Begin PBXGroup section */
		DE3F32C629D2C17800373378 /* Extensions */ = {
			isa = PBXGroup;
			children = (
				DE3F32C729D2C18B00373378 /* SetColor+UIButton.swift */,
			);
			path = Extensions;
			sourceTree = "<group>";
		};
		DE8CFB8A29D2AFEF00C83DAB = {
			isa = PBXGroup;
			children = (
				DE8CFB9529D2AFEF00C83DAB /* BOATMATE */,
				DE8CFB9429D2AFEF00C83DAB /* Products */,
			);
			sourceTree = "<group>";
		};
		DE8CFB9429D2AFEF00C83DAB /* Products */ = {
			isa = PBXGroup;
			children = (
				DE8CFB9329D2AFEF00C83DAB /* BOATMATE.app */,
			);
			name = Products;
			sourceTree = "<group>";
		};
		DE8CFB9529D2AFEF00C83DAB /* BOATMATE */ = {
			isa = PBXGroup;
			children = (
				DE8CFBAB29D2B20900C83DAB /* Resources */,
				DE8CFBAA29D2B1FE00C83DAB /* Constants */,
				DE8CFBB529D2B7DB00C83DAB /* Utility */,
				DE8CFB9629D2AFEF00C83DAB /* AppDelegate.swift */,
				DE8CFB9829D2AFEF00C83DAB /* SceneDelegate.swift */,
				DE8CFB9A29D2AFEF00C83DAB /* ViewController.swift */,
				DE8CFB9C29D2AFEF00C83DAB /* Main.storyboard */,
				DE8CFB9F29D2AFF000C83DAB /* Assets.xcassets */,
				DE8CFBA129D2AFF000C83DAB /* LaunchScreen.storyboard */,
				DE8CFBA429D2AFF000C83DAB /* Info.plist */,
			);
			path = BOATMATE;
			sourceTree = "<group>";
		};
		DE8CFBAA29D2B1FE00C83DAB /* Constants */ = {
			isa = PBXGroup;
			children = (
				DE8CFBAC29D2B22100C83DAB /* Color.swift */,
				DE8CFBB329D2B4A800C83DAB /* Font.swift */,
			);
			path = Constants;
			sourceTree = "<group>";
		};
		DE8CFBAB29D2B20900C83DAB /* Resources */ = {
			isa = PBXGroup;
			children = (
				DE8CFBAE29D2B3ED00C83DAB /* Fonts */,
			);
			path = Resources;
			sourceTree = "<group>";
		};
		DE8CFBAE29D2B3ED00C83DAB /* Fonts */ = {
			isa = PBXGroup;
			children = (
				DE8CFBAF29D2B3FF00C83DAB /* Pretendard-Bold.otf */,
				DE8CFBB029D2B3FF00C83DAB /* Pretendard-Medium.otf */,
			);
			path = Fonts;
			sourceTree = "<group>";
		};
		DE8CFBB529D2B7DB00C83DAB /* Utility */ = {
			isa = PBXGroup;
			children = (
				DE3F32C429D2BC6100373378 /* Button.swift */,
				DE3F32C629D2C17800373378 /* Extensions */,
			);
			path = Utility;
			sourceTree = "<group>";
		};
/* End PBXGroup section */

/* Begin PBXNativeTarget section */
		DE8CFB9229D2AFEF00C83DAB /* BOATMATE */ = {
			isa = PBXNativeTarget;
			buildConfigurationList = DE8CFBA729D2AFF000C83DAB /* Build configuration list for PBXNativeTarget "BOATMATE" */;
			buildPhases = (
				DE8CFB8F29D2AFEF00C83DAB /* Sources */,
				DE8CFB9029D2AFEF00C83DAB /* Frameworks */,
				DE8CFB9129D2AFEF00C83DAB /* Resources */,
			);
			buildRules = (
			);
			dependencies = (
			);
			name = BOATMATE;
			productName = BOATMATE;
			productReference = DE8CFB9329D2AFEF00C83DAB /* BOATMATE.app */;
			productType = "com.apple.product-type.application";
		};
/* End PBXNativeTarget section */

/* Begin PBXProject section */
		DE8CFB8B29D2AFEF00C83DAB /* Project object */ = {
			isa = PBXProject;
			attributes = {
				BuildIndependentTargetsInParallel = 1;
				LastSwiftUpdateCheck = 1420;
				LastUpgradeCheck = 1420;
				TargetAttributes = {
					DE8CFB9229D2AFEF00C83DAB = {
						CreatedOnToolsVersion = 14.2;
					};
				};
			};
			buildConfigurationList = DE8CFB8E29D2AFEF00C83DAB /* Build configuration list for PBXProject "BOATMATE" */;
			compatibilityVersion = "Xcode 14.0";
			developmentRegion = en;
			hasScannedForEncodings = 0;
			knownRegions = (
				en,
				Base,
			);
			mainGroup = DE8CFB8A29D2AFEF00C83DAB;
			productRefGroup = DE8CFB9429D2AFEF00C83DAB /* Products */;
			projectDirPath = "";
			projectRoot = "";
			targets = (
				DE8CFB9229D2AFEF00C83DAB /* BOATMATE */,
			);
		};
/* End PBXProject section */

/* Begin PBXResourcesBuildPhase section */
		DE8CFB9129D2AFEF00C83DAB /* Resources */ = {
			isa = PBXResourcesBuildPhase;
			buildActionMask = 2147483647;
			files = (
				DE8CFBA329D2AFF000C83DAB /* LaunchScreen.storyboard in Resources */,
				DE8CFBB229D2B3FF00C83DAB /* Pretendard-Medium.otf in Resources */,
				DE8CFBB129D2B3FF00C83DAB /* Pretendard-Bold.otf in Resources */,
				DE8CFBA029D2AFF000C83DAB /* Assets.xcassets in Resources */,
				DE8CFB9E29D2AFEF00C83DAB /* Main.storyboard in Resources */,
			);
			runOnlyForDeploymentPostprocessing = 0;
		};
/* End PBXResourcesBuildPhase section */

/* Begin PBXSourcesBuildPhase section */
		DE8CFB8F29D2AFEF00C83DAB /* Sources */ = {
			isa = PBXSourcesBuildPhase;
			buildActionMask = 2147483647;
			files = (
				DE8CFB9B29D2AFEF00C83DAB /* ViewController.swift in Sources */,
				DE3F32C529D2BC6100373378 /* Button.swift in Sources */,
				DE8CFBAD29D2B22100C83DAB /* Color.swift in Sources */,
				DE8CFBB429D2B4A800C83DAB /* Font.swift in Sources */,
				DE8CFB9729D2AFEF00C83DAB /* AppDelegate.swift in Sources */,
				DE3F32C829D2C18B00373378 /* SetColor+UIButton.swift in Sources */,
				DE8CFB9929D2AFEF00C83DAB /* SceneDelegate.swift in Sources */,
			);
			runOnlyForDeploymentPostprocessing = 0;
		};
/* End PBXSourcesBuildPhase section */

/* Begin PBXVariantGroup section */
		DE8CFB9C29D2AFEF00C83DAB /* Main.storyboard */ = {
			isa = PBXVariantGroup;
			children = (
				DE8CFB9D29D2AFEF00C83DAB /* Base */,
			);
			name = Main.storyboard;
			sourceTree = "<group>";
		};
		DE8CFBA129D2AFF000C83DAB /* LaunchScreen.storyboard */ = {
			isa = PBXVariantGroup;
			children = (
				DE8CFBA229D2AFF000C83DAB /* Base */,
			);
			name = LaunchScreen.storyboard;
			sourceTree = "<group>";
		};
/* End PBXVariantGroup section */

/* Begin XCBuildConfiguration section */
		DE8CFBA529D2AFF000C83DAB /* Debug */ = {
			isa = XCBuildConfiguration;
			buildSettings = {
				ALWAYS_SEARCH_USER_PATHS = NO;
				CLANG_ANALYZER_NONNULL = YES;
				CLANG_ANALYZER_NUMBER_OBJECT_CONVERSION = YES_AGGRESSIVE;
				CLANG_CXX_LANGUAGE_STANDARD = "gnu++20";
				CLANG_ENABLE_MODULES = YES;
				CLANG_ENABLE_OBJC_ARC = YES;
				CLANG_ENABLE_OBJC_WEAK = YES;
				CLANG_WARN_BLOCK_CAPTURE_AUTORELEASING = YES;
				CLANG_WARN_BOOL_CONVERSION = YES;
				CLANG_WARN_COMMA = YES;
				CLANG_WARN_CONSTANT_CONVERSION = YES;
				CLANG_WARN_DEPRECATED_OBJC_IMPLEMENTATIONS = YES;
				CLANG_WARN_DIRECT_OBJC_ISA_USAGE = YES_ERROR;
				CLANG_WARN_DOCUMENTATION_COMMENTS = YES;
				CLANG_WARN_EMPTY_BODY = YES;
				CLANG_WARN_ENUM_CONVERSION = YES;
				CLANG_WARN_INFINITE_RECURSION = YES;
				CLANG_WARN_INT_CONVERSION = YES;
				CLANG_WARN_NON_LITERAL_NULL_CONVERSION = YES;
				CLANG_WARN_OBJC_IMPLICIT_RETAIN_SELF = YES;
				CLANG_WARN_OBJC_LITERAL_CONVERSION = YES;
				CLANG_WARN_OBJC_ROOT_CLASS = YES_ERROR;
				CLANG_WARN_QUOTED_INCLUDE_IN_FRAMEWORK_HEADER = YES;
				CLANG_WARN_RANGE_LOOP_ANALYSIS = YES;
				CLANG_WARN_STRICT_PROTOTYPES = YES;
				CLANG_WARN_SUSPICIOUS_MOVE = YES;
				CLANG_WARN_UNGUARDED_AVAILABILITY = YES_AGGRESSIVE;
				CLANG_WARN_UNREACHABLE_CODE = YES;
				CLANG_WARN__DUPLICATE_METHOD_MATCH = YES;
				COPY_PHASE_STRIP = NO;
				DEBUG_INFORMATION_FORMAT = dwarf;
				ENABLE_STRICT_OBJC_MSGSEND = YES;
				ENABLE_TESTABILITY = YES;
				GCC_C_LANGUAGE_STANDARD = gnu11;
				GCC_DYNAMIC_NO_PIC = NO;
				GCC_NO_COMMON_BLOCKS = YES;
				GCC_OPTIMIZATION_LEVEL = 0;
				GCC_PREPROCESSOR_DEFINITIONS = (
					"DEBUG=1",
					"$(inherited)",
				);
				GCC_WARN_64_TO_32_BIT_CONVERSION = YES;
				GCC_WARN_ABOUT_RETURN_TYPE = YES_ERROR;
				GCC_WARN_UNDECLARED_SELECTOR = YES;
				GCC_WARN_UNINITIALIZED_AUTOS = YES_AGGRESSIVE;
				GCC_WARN_UNUSED_FUNCTION = YES;
				GCC_WARN_UNUSED_VARIABLE = YES;
				IPHONEOS_DEPLOYMENT_TARGET = 16.2;
				MTL_ENABLE_DEBUG_INFO = INCLUDE_SOURCE;
				MTL_FAST_MATH = YES;
				ONLY_ACTIVE_ARCH = YES;
				SDKROOT = iphoneos;
				SWIFT_ACTIVE_COMPILATION_CONDITIONS = DEBUG;
				SWIFT_OPTIMIZATION_LEVEL = "-Onone";
			};
			name = Debug;
		};
		DE8CFBA629D2AFF000C83DAB /* Release */ = {
			isa = XCBuildConfiguration;
			buildSettings = {
				ALWAYS_SEARCH_USER_PATHS = NO;
				CLANG_ANALYZER_NONNULL = YES;
				CLANG_ANALYZER_NUMBER_OBJECT_CONVERSION = YES_AGGRESSIVE;
				CLANG_CXX_LANGUAGE_STANDARD = "gnu++20";
				CLANG_ENABLE_MODULES = YES;
				CLANG_ENABLE_OBJC_ARC = YES;
				CLANG_ENABLE_OBJC_WEAK = YES;
				CLANG_WARN_BLOCK_CAPTURE_AUTORELEASING = YES;
				CLANG_WARN_BOOL_CONVERSION = YES;
				CLANG_WARN_COMMA = YES;
				CLANG_WARN_CONSTANT_CONVERSION = YES;
				CLANG_WARN_DEPRECATED_OBJC_IMPLEMENTATIONS = YES;
				CLANG_WARN_DIRECT_OBJC_ISA_USAGE = YES_ERROR;
				CLANG_WARN_DOCUMENTATION_COMMENTS = YES;
				CLANG_WARN_EMPTY_BODY = YES;
				CLANG_WARN_ENUM_CONVERSION = YES;
				CLANG_WARN_INFINITE_RECURSION = YES;
				CLANG_WARN_INT_CONVERSION = YES;
				CLANG_WARN_NON_LITERAL_NULL_CONVERSION = YES;
				CLANG_WARN_OBJC_IMPLICIT_RETAIN_SELF = YES;
				CLANG_WARN_OBJC_LITERAL_CONVERSION = YES;
				CLANG_WARN_OBJC_ROOT_CLASS = YES_ERROR;
				CLANG_WARN_QUOTED_INCLUDE_IN_FRAMEWORK_HEADER = YES;
				CLANG_WARN_RANGE_LOOP_ANALYSIS = YES;
				CLANG_WARN_STRICT_PROTOTYPES = YES;
				CLANG_WARN_SUSPICIOUS_MOVE = YES;
				CLANG_WARN_UNGUARDED_AVAILABILITY = YES_AGGRESSIVE;
				CLANG_WARN_UNREACHABLE_CODE = YES;
				CLANG_WARN__DUPLICATE_METHOD_MATCH = YES;
				COPY_PHASE_STRIP = NO;
				DEBUG_INFORMATION_FORMAT = "dwarf-with-dsym";
				ENABLE_NS_ASSERTIONS = NO;
				ENABLE_STRICT_OBJC_MSGSEND = YES;
				GCC_C_LANGUAGE_STANDARD = gnu11;
				GCC_NO_COMMON_BLOCKS = YES;
				GCC_WARN_64_TO_32_BIT_CONVERSION = YES;
				GCC_WARN_ABOUT_RETURN_TYPE = YES_ERROR;
				GCC_WARN_UNDECLARED_SELECTOR = YES;
				GCC_WARN_UNINITIALIZED_AUTOS = YES_AGGRESSIVE;
				GCC_WARN_UNUSED_FUNCTION = YES;
				GCC_WARN_UNUSED_VARIABLE = YES;
				IPHONEOS_DEPLOYMENT_TARGET = 16.2;
				MTL_ENABLE_DEBUG_INFO = NO;
				MTL_FAST_MATH = YES;
				SDKROOT = iphoneos;
				SWIFT_COMPILATION_MODE = wholemodule;
				SWIFT_OPTIMIZATION_LEVEL = "-O";
				VALIDATE_PRODUCT = YES;
			};
			name = Release;
		};
		DE8CFBA829D2AFF000C83DAB /* Debug */ = {
			isa = XCBuildConfiguration;
			buildSettings = {
				ASSETCATALOG_COMPILER_APPICON_NAME = AppIcon;
				ASSETCATALOG_COMPILER_GLOBAL_ACCENT_COLOR_NAME = AccentColor;
				CODE_SIGN_STYLE = Automatic;
				CURRENT_PROJECT_VERSION = 1;
				DEVELOPMENT_TEAM = DV7XBU83N5;
				GENERATE_INFOPLIST_FILE = YES;
				INFOPLIST_FILE = BOATMATE/Info.plist;
				INFOPLIST_KEY_UIApplicationSupportsIndirectInputEvents = YES;
				INFOPLIST_KEY_UILaunchStoryboardName = LaunchScreen;
				INFOPLIST_KEY_UIMainStoryboardFile = Main;
				INFOPLIST_KEY_UISupportedInterfaceOrientations = UIInterfaceOrientationPortrait;
				INFOPLIST_KEY_UISupportedInterfaceOrientations_iPad = "UIInterfaceOrientationLandscapeLeft UIInterfaceOrientationLandscapeRight UIInterfaceOrientationPortrait UIInterfaceOrientationPortraitUpsideDown";
				IPHONEOS_DEPLOYMENT_TARGET = 16.0;
				LD_RUNPATH_SEARCH_PATHS = (
					"$(inherited)",
					"@executable_path/Frameworks",
				);
				MARKETING_VERSION = 1.0;
				PRODUCT_BUNDLE_IDENTIFIER = com.jwc.BOATMATE;
				PRODUCT_NAME = "$(TARGET_NAME)";
				SUPPORTED_PLATFORMS = "iphoneos iphonesimulator";
				SUPPORTS_MACCATALYST = NO;
				SUPPORTS_MAC_DESIGNED_FOR_IPHONE_IPAD = YES;
				SWIFT_EMIT_LOC_STRINGS = YES;
				SWIFT_VERSION = 5.0;
				TARGETED_DEVICE_FAMILY = 1;
			};
			name = Debug;
		};
		DE8CFBA929D2AFF000C83DAB /* Release */ = {
			isa = XCBuildConfiguration;
			buildSettings = {
				ASSETCATALOG_COMPILER_APPICON_NAME = AppIcon;
				ASSETCATALOG_COMPILER_GLOBAL_ACCENT_COLOR_NAME = AccentColor;
				CODE_SIGN_STYLE = Automatic;
				CURRENT_PROJECT_VERSION = 1;
				DEVELOPMENT_TEAM = DV7XBU83N5;
				GENERATE_INFOPLIST_FILE = YES;
				INFOPLIST_FILE = BOATMATE/Info.plist;
				INFOPLIST_KEY_UIApplicationSupportsIndirectInputEvents = YES;
				INFOPLIST_KEY_UILaunchStoryboardName = LaunchScreen;
				INFOPLIST_KEY_UIMainStoryboardFile = Main;
				INFOPLIST_KEY_UISupportedInterfaceOrientations = UIInterfaceOrientationPortrait;
				INFOPLIST_KEY_UISupportedInterfaceOrientations_iPad = "UIInterfaceOrientationLandscapeLeft UIInterfaceOrientationLandscapeRight UIInterfaceOrientationPortrait UIInterfaceOrientationPortraitUpsideDown";
				IPHONEOS_DEPLOYMENT_TARGET = 16.0;
				LD_RUNPATH_SEARCH_PATHS = (
					"$(inherited)",
					"@executable_path/Frameworks",
				);
				MARKETING_VERSION = 1.0;
				PRODUCT_BUNDLE_IDENTIFIER = com.jwc.BOATMATE;
				PRODUCT_NAME = "$(TARGET_NAME)";
				SUPPORTED_PLATFORMS = "iphoneos iphonesimulator";
				SUPPORTS_MACCATALYST = NO;
				SUPPORTS_MAC_DESIGNED_FOR_IPHONE_IPAD = YES;
				SWIFT_EMIT_LOC_STRINGS = YES;
				SWIFT_VERSION = 5.0;
				TARGETED_DEVICE_FAMILY = 1;
			};
			name = Release;
		};
/* End XCBuildConfiguration section */

/* Begin XCConfigurationList section */
		DE8CFB8E29D2AFEF00C83DAB /* Build configuration list for PBXProject "BOATMATE" */ = {
			isa = XCConfigurationList;
			buildConfigurations = (
				DE8CFBA529D2AFF000C83DAB /* Debug */,
				DE8CFBA629D2AFF000C83DAB /* Release */,
			);
			defaultConfigurationIsVisible = 0;
			defaultConfigurationName = Release;
		};
		DE8CFBA729D2AFF000C83DAB /* Build configuration list for PBXNativeTarget "BOATMATE" */ = {
			isa = XCConfigurationList;
			buildConfigurations = (
				DE8CFBA829D2AFF000C83DAB /* Debug */,
				DE8CFBA929D2AFF000C83DAB /* Release */,
			);
			defaultConfigurationIsVisible = 0;
			defaultConfigurationName = Release;
		};
/* End XCConfigurationList section */
	};
	rootObject = DE8CFB8B29D2AFEF00C83DAB /* Project object */;
}
